
Microsoft Visual Studio Solution File, Format Version 12.00
# Visual Studio Version 16
VisualStudioVersion = 16.0.29911.84
MinimumVisualStudioVersion = 10.0.40219.1
Project("{FAE04EC0-301F-11D3-BF4B-00C04F79EFBC}") = "Asp_Cotet_Andreea_Roxana_Rp", "Asp_Cotet_Andreea_Roxana_Rp\Asp_Cotet_Andreea_Roxana_Rp.csproj", "{D182BBC5-D840-4751-8500-210AF618E040}"
EndProject
Global
	GlobalSection(SolutionConfigurationPlatforms) = preSolution
		Debug|Any CPU = Debug|Any CPU
		Release|Any CPU = Release|Any CPU
	EndGlobalSection
	GlobalSection(ProjectConfigurationPlatforms) = postSolution
		{D182BBC5-D840-4751-8500-210AF618E040}.Debug|Any CPU.ActiveCfg = Debug|Any CPU
		{D182BBC5-D840-4751-8500-210AF618E040}.Debug|Any CPU.Build.0 = Debug|Any CPU
		{D182BBC5-D840-4751-8500-210AF618E040}.Release|Any CPU.ActiveCfg = Release|Any CPU
		{D182BBC5-D840-4751-8500-210AF618E040}.Release|Any CPU.Build.0 = Release|Any CPU
	EndGlobalSection
	GlobalSection(SolutionProperties) = preSolution
		HideSolutionNode = FALSE
	EndGlobalSection
	GlobalSection(ExtensibilityGlobals) = postSolution
		SolutionGuid = {4B9A4956-0895-4DE2-943D-CC99D1627540}
	EndGlobalSection
EndGlobal
