
Microsoft Visual Studio Solution File, Format Version 12.00
# Visual Studio Version 16
VisualStudioVersion = 16.0.29911.84
MinimumVisualStudioVersion = 10.0.40219.1
Project("{FAE04EC0-301F-11D3-BF4B-00C04F79EFBC}") = "PostComment", "PostComment\PostComment.csproj", "{BFE53F69-4368-4F56-97C9-5F787A16A928}"
EndProject
Project("{FAE04EC0-301F-11D3-BF4B-00C04F79EFBC}") = "ObjectWCF", "ObjectWCF\ObjectWCF.csproj", "{908D176C-988F-4D10-B378-3513CBB63769}"
EndProject
Project("{FAE04EC0-301F-11D3-BF4B-00C04F79EFBC}") = "HostWCF", "HostWCF\HostWCF.csproj", "{DBBA5D5E-F847-4927-A7C3-29C56CE2B1EE}"
EndProject
Project("{FAE04EC0-301F-11D3-BF4B-00C04F79EFBC}") = "ClientPostComment", "ClientPostComment\ClientPostComment.csproj", "{A12C0D35-ABD2-44D4-B66E-263D5551E372}"
EndProject
Project("{FAE04EC0-301F-11D3-BF4B-00C04F79EFBC}") = "RazorPagesMovies", "RazorPagesMovies\RazorPagesMovies.csproj", "{5DE0AA45-0498-4A1B-99D9-249626484C6D}"
EndProject
Global
	GlobalSection(SolutionConfigurationPlatforms) = preSolution
		Debug|Any CPU = Debug|Any CPU
		Release|Any CPU = Release|Any CPU
	EndGlobalSection
	GlobalSection(ProjectConfigurationPlatforms) = postSolution
		{BFE53F69-4368-4F56-97C9-5F787A16A928}.Debug|Any CPU.ActiveCfg = Debug|Any CPU
		{BFE53F69-4368-4F56-97C9-5F787A16A928}.Debug|Any CPU.Build.0 = Debug|Any CPU
		{BFE53F69-4368-4F56-97C9-5F787A16A928}.Release|Any CPU.ActiveCfg = Release|Any CPU
		{BFE53F69-4368-4F56-97C9-5F787A16A928}.Release|Any CPU.Build.0 = Release|Any CPU
		{908D176C-988F-4D10-B378-3513CBB63769}.Debug|Any CPU.ActiveCfg = Debug|Any CPU
		{908D176C-988F-4D10-B378-3513CBB63769}.Debug|Any CPU.Build.0 = Debug|Any CPU
		{908D176C-988F-4D10-B378-3513CBB63769}.Release|Any CPU.ActiveCfg = Release|Any CPU
		{908D176C-988F-4D10-B378-3513CBB63769}.Release|Any CPU.Build.0 = Release|Any CPU
		{DBBA5D5E-F847-4927-A7C3-29C56CE2B1EE}.Debug|Any CPU.ActiveCfg = Debug|Any CPU
		{DBBA5D5E-F847-4927-A7C3-29C56CE2B1EE}.Debug|Any CPU.Build.0 = Debug|Any CPU
		{DBBA5D5E-F847-4927-A7C3-29C56CE2B1EE}.Release|Any CPU.ActiveCfg = Release|Any CPU
		{DBBA5D5E-F847-4927-A7C3-29C56CE2B1EE}.Release|Any CPU.Build.0 = Release|Any CPU
		{A12C0D35-ABD2-44D4-B66E-263D5551E372}.Debug|Any CPU.ActiveCfg = Debug|Any CPU
		{A12C0D35-ABD2-44D4-B66E-263D5551E372}.Debug|Any CPU.Build.0 = Debug|Any CPU
		{A12C0D35-ABD2-44D4-B66E-263D5551E372}.Release|Any CPU.ActiveCfg = Release|Any CPU
		{A12C0D35-ABD2-44D4-B66E-263D5551E372}.Release|Any CPU.Build.0 = Release|Any CPU
		{5DE0AA45-0498-4A1B-99D9-249626484C6D}.Debug|Any CPU.ActiveCfg = Debug|Any CPU
		{5DE0AA45-0498-4A1B-99D9-249626484C6D}.Debug|Any CPU.Build.0 = Debug|Any CPU
		{5DE0AA45-0498-4A1B-99D9-249626484C6D}.Release|Any CPU.ActiveCfg = Release|Any CPU
		{5DE0AA45-0498-4A1B-99D9-249626484C6D}.Release|Any CPU.Build.0 = Release|Any CPU
	EndGlobalSection
	GlobalSection(SolutionProperties) = preSolution
		HideSolutionNode = FALSE
	EndGlobalSection
	GlobalSection(ExtensibilityGlobals) = postSolution
		SolutionGuid = {2E70F5FA-922B-4B07-A4A2-43098A69398B}
	EndGlobalSection
EndGlobal
